
Microsoft Visual Studio Solution File, Format Version 12.00
# Visual Studio Version 17
VisualStudioVersion = 17.8.34309.116
MinimumVisualStudioVersion = 10.0.40219.1
Project("{FAE04EC0-301F-11D3-BF4B-00C04F79EFBC}") = "EntityFrameworkAPIDotNet8", "EFCoreAPIDotNet8\EntityFrameworkAPIDotNet8.csproj", "{EEE09D03-E2C7-4201-823A-C8D0D31B7210}"
EndProject
Global
	GlobalSection(SolutionConfigurationPlatforms) = preSolution
		Debug|Any CPU = Debug|Any CPU
		Release|Any CPU = Release|Any CPU
	EndGlobalSection
	GlobalSection(ProjectConfigurationPlatforms) = postSolution
		{EEE09D03-E2C7-4201-823A-C8D0D31B7210}.Debug|Any CPU.ActiveCfg = Debug|Any CPU
		{EEE09D03-E2C7-4201-823A-C8D0D31B7210}.Debug|Any CPU.Build.0 = Debug|Any CPU
		{EEE09D03-E2C7-4201-823A-C8D0D31B7210}.Release|Any CPU.ActiveCfg = Release|Any CPU
		{EEE09D03-E2C7-4201-823A-C8D0D31B7210}.Release|Any CPU.Build.0 = Release|Any CPU
	EndGlobalSection
	GlobalSection(SolutionProperties) = preSolution
		HideSolutionNode = FALSE
	EndGlobalSection
	GlobalSection(ExtensibilityGlobals) = postSolution
		SolutionGuid = {A850398C-E926-4863-B228-EAB65617D858}
	EndGlobalSection
EndGlobal
